// !$*UTF8*$!
{
	archiveVersion = 1;
	classes = {
	};
	objectVersion = 50;
	objects = {

/* Begin PBXBuildFile section */
		5E1AD6D521C454E4005723E1 /* Recipe.storyboard in Resources */ = {isa = PBXBuildFile; fileRef = 5E1AD6D421C454E4005723E1 /* Recipe.storyboard */; };
		5E860FF521C9357B00B5B053 /* CollectionViewCell.swift in Sources */ = {isa = PBXBuildFile; fileRef = 5E860FF421C9357B00B5B053 /* CollectionViewCell.swift */; };
		5E860FF721C95D2000B5B053 /* PopUpViewController.swift in Sources */ = {isa = PBXBuildFile; fileRef = 5E860FF621C95D2000B5B053 /* PopUpViewController.swift */; };
		5E860FFB21CB984B00B5B053 /* CheckInternet.swift in Sources */ = {isa = PBXBuildFile; fileRef = 5E860FFA21CB984B00B5B053 /* CheckInternet.swift */; };
		5E863CA221CD2C6B00ADC383 /* RecipeEntity.swift in Sources */ = {isa = PBXBuildFile; fileRef = 5E863CA121CD2C6B00ADC383 /* RecipeEntity.swift */; };
		5E863CA621CD5BF900ADC383 /* DataManager.swift in Sources */ = {isa = PBXBuildFile; fileRef = 5E863CA521CD5BF900ADC383 /* DataManager.swift */; };
		5E863CA821CD9F7600ADC383 /* Globals.swift in Sources */ = {isa = PBXBuildFile; fileRef = 5E863CA721CD9F7600ADC383 /* Globals.swift */; };
		5EC678AC21C19B0A0025D136 /* AppDelegate.swift in Sources */ = {isa = PBXBuildFile; fileRef = 5EC678AB21C19B0A0025D136 /* AppDelegate.swift */; };
		5EC678AE21C19B0A0025D136 /* RecipeController.swift in Sources */ = {isa = PBXBuildFile; fileRef = 5EC678AD21C19B0A0025D136 /* RecipeController.swift */; };
		5EC678B421C19B0A0025D136 /* CoreDataRecipes.xcdatamodeld in Sources */ = {isa = PBXBuildFile; fileRef = 5EC678B221C19B0A0025D136 /* CoreDataRecipes.xcdatamodeld */; };
		5EC678B621C19B0D0025D136 /* Assets.xcassets in Resources */ = {isa = PBXBuildFile; fileRef = 5EC678B521C19B0D0025D136 /* Assets.xcassets */; };
		5EC678B921C19B0D0025D136 /* LaunchScreen.storyboard in Resources */ = {isa = PBXBuildFile; fileRef = 5EC678B721C19B0D0025D136 /* LaunchScreen.storyboard */; };
		5EC678C121C1A23F0025D136 /* ServerRecipe.swift in Sources */ = {isa = PBXBuildFile; fileRef = 5EC678C021C1A23F0025D136 /* ServerRecipe.swift */; };
		5EC678C421C247B30025D136 /* RecipePuppyStruct.swift in Sources */ = {isa = PBXBuildFile; fileRef = 5EC678C321C247B30025D136 /* RecipePuppyStruct.swift */; };
/* End PBXBuildFile section */

/* Begin PBXFileReference section */
		5E1AD6D421C454E4005723E1 /* Recipe.storyboard */ = {isa = PBXFileReference; lastKnownFileType = file.storyboard; path = Recipe.storyboard; sourceTree = "<group>"; };
		5E860FF421C9357B00B5B053 /* CollectionViewCell.swift */ = {isa = PBXFileReference; lastKnownFileType = sourcecode.swift; path = CollectionViewCell.swift; sourceTree = "<group>"; };
		5E860FF621C95D2000B5B053 /* PopUpViewController.swift */ = {isa = PBXFileReference; lastKnownFileType = sourcecode.swift; path = PopUpViewController.swift; sourceTree = "<group>"; };
		5E860FFA21CB984B00B5B053 /* CheckInternet.swift */ = {isa = PBXFileReference; lastKnownFileType = sourcecode.swift; path = CheckInternet.swift; sourceTree = "<group>"; };
		5E863CA121CD2C6B00ADC383 /* RecipeEntity.swift */ = {isa = PBXFileReference; lastKnownFileType = sourcecode.swift; path = RecipeEntity.swift; sourceTree = "<group>"; };
		5E863CA521CD5BF900ADC383 /* DataManager.swift */ = {isa = PBXFileReference; lastKnownFileType = sourcecode.swift; path = DataManager.swift; sourceTree = "<group>"; };
		5E863CA721CD9F7600ADC383 /* Globals.swift */ = {isa = PBXFileReference; lastKnownFileType = sourcecode.swift; path = Globals.swift; sourceTree = "<group>"; };
		5EC678A821C19B0A0025D136 /* TestTaskForSoftwareStation.app */ = {isa = PBXFileReference; explicitFileType = wrapper.application; includeInIndex = 0; path = TestTaskForSoftwareStation.app; sourceTree = BUILT_PRODUCTS_DIR; };
		5EC678AB21C19B0A0025D136 /* AppDelegate.swift */ = {isa = PBXFileReference; lastKnownFileType = sourcecode.swift; path = AppDelegate.swift; sourceTree = "<group>"; };
		5EC678AD21C19B0A0025D136 /* RecipeController.swift */ = {isa = PBXFileReference; lastKnownFileType = sourcecode.swift; path = RecipeController.swift; sourceTree = "<group>"; };
		5EC678B321C19B0A0025D136 /* TestTaskForSoftwareStation.xcdatamodel */ = {isa = PBXFileReference; lastKnownFileType = wrapper.xcdatamodel; path = TestTaskForSoftwareStation.xcdatamodel; sourceTree = "<group>"; };
		5EC678B521C19B0D0025D136 /* Assets.xcassets */ = {isa = PBXFileReference; lastKnownFileType = folder.assetcatalog; path = Assets.xcassets; sourceTree = "<group>"; };
		5EC678B821C19B0D0025D136 /* Base */ = {isa = PBXFileReference; lastKnownFileType = file.storyboard; name = Base; path = Base.lproj/LaunchScreen.storyboard; sourceTree = "<group>"; };
		5EC678BA21C19B0D0025D136 /* Info.plist */ = {isa = PBXFileReference; lastKnownFileType = text.plist.xml; path = Info.plist; sourceTree = "<group>"; };
		5EC678C021C1A23F0025D136 /* ServerRecipe.swift */ = {isa = PBXFileReference; lastKnownFileType = sourcecode.swift; path = ServerRecipe.swift; sourceTree = "<group>"; };
		5EC678C321C247B30025D136 /* RecipePuppyStruct.swift */ = {isa = PBXFileReference; lastKnownFileType = sourcecode.swift; path = RecipePuppyStruct.swift; sourceTree = "<group>"; };
/* End PBXFileReference section */

/* Begin PBXFrameworksBuildPhase section */
		5EC678A521C19B0A0025D136 /* Frameworks */ = {
			isa = PBXFrameworksBuildPhase;
			buildActionMask = 2147483647;
			files = (
			);
			runOnlyForDeploymentPostprocessing = 0;
		};
/* End PBXFrameworksBuildPhase section */

/* Begin PBXGroup section */
		5E49C49021C419FE0070D0BB /* ViewControllers */ = {
			isa = PBXGroup;
			children = (
				5E1AD6D421C454E4005723E1 /* Recipe.storyboard */,
				5EC678AD21C19B0A0025D136 /* RecipeController.swift */,
				5E860FF421C9357B00B5B053 /* CollectionViewCell.swift */,
				5E860FF621C95D2000B5B053 /* PopUpViewController.swift */,
			);
			path = ViewControllers;
			sourceTree = "<group>";
		};
		5E863C9E21CD252100ADC383 /* CoreDataServices */ = {
			isa = PBXGroup;
			children = (
				5E863CA121CD2C6B00ADC383 /* RecipeEntity.swift */,
			);
			path = CoreDataServices;
			sourceTree = "<group>";
		};
		5EC6789F21C19B0A0025D136 = {
			isa = PBXGroup;
			children = (
				5EC678AA21C19B0A0025D136 /* TestTaskForSoftwareStation */,
				5EC678A921C19B0A0025D136 /* Products */,
			);
			sourceTree = "<group>";
		};
		5EC678A921C19B0A0025D136 /* Products */ = {
			isa = PBXGroup;
			children = (
				5EC678A821C19B0A0025D136 /* TestTaskForSoftwareStation.app */,
			);
			name = Products;
			sourceTree = "<group>";
		};
		5EC678AA21C19B0A0025D136 /* TestTaskForSoftwareStation */ = {
			isa = PBXGroup;
			children = (
				5E863CA521CD5BF900ADC383 /* DataManager.swift */,
				5E49C49021C419FE0070D0BB /* ViewControllers */,
				5E863C9E21CD252100ADC383 /* CoreDataServices */,
				5EC678C721C249740025D136 /* InternetServices */,
				5EC678C821C284740025D136 /* Resources */,
			);
			path = TestTaskForSoftwareStation;
			sourceTree = "<group>";
		};
		5EC678C721C249740025D136 /* InternetServices */ = {
			isa = PBXGroup;
			children = (
				5E860FFA21CB984B00B5B053 /* CheckInternet.swift */,
				5EC678C021C1A23F0025D136 /* ServerRecipe.swift */,
				5EC678C321C247B30025D136 /* RecipePuppyStruct.swift */,
			);
			path = InternetServices;
			sourceTree = "<group>";
		};
		5EC678C821C284740025D136 /* Resources */ = {
			isa = PBXGroup;
			children = (
				5EC678AB21C19B0A0025D136 /* AppDelegate.swift */,
				5E863CA721CD9F7600ADC383 /* Globals.swift */,
				5EC678B521C19B0D0025D136 /* Assets.xcassets */,
				5EC678B721C19B0D0025D136 /* LaunchScreen.storyboard */,
				5EC678BA21C19B0D0025D136 /* Info.plist */,
				5EC678B221C19B0A0025D136 /* CoreDataRecipes.xcdatamodeld */,
			);
			path = Resources;
			sourceTree = "<group>";
		};
/* End PBXGroup section */

/* Begin PBXNativeTarget section */
		5EC678A721C19B0A0025D136 /* TestTaskForSoftwareStation */ = {
			isa = PBXNativeTarget;
			buildConfigurationList = 5EC678BD21C19B0D0025D136 /* Build configuration list for PBXNativeTarget "TestTaskForSoftwareStation" */;
			buildPhases = (
				5EC678A421C19B0A0025D136 /* Sources */,
				5EC678A521C19B0A0025D136 /* Frameworks */,
				5EC678A621C19B0A0025D136 /* Resources */,
			);
			buildRules = (
			);
			dependencies = (
			);
			name = TestTaskForSoftwareStation;
			productName = TestTaskForSoftwareStation;
			productReference = 5EC678A821C19B0A0025D136 /* TestTaskForSoftwareStation.app */;
			productType = "com.apple.product-type.application";
		};
/* End PBXNativeTarget section */

/* Begin PBXProject section */
		5EC678A021C19B0A0025D136 /* Project object */ = {
			isa = PBXProject;
			attributes = {
				LastSwiftUpdateCheck = 1010;
				LastUpgradeCheck = 1010;
				ORGANIZATIONNAME = batozhnyi;
				TargetAttributes = {
					5EC678A721C19B0A0025D136 = {
						CreatedOnToolsVersion = 10.1;
					};
				};
			};
			buildConfigurationList = 5EC678A321C19B0A0025D136 /* Build configuration list for PBXProject "TestTaskForSoftwareStation" */;
			compatibilityVersion = "Xcode 9.3";
			developmentRegion = en;
			hasScannedForEncodings = 0;
			knownRegions = (
				en,
				Base,
			);
			mainGroup = 5EC6789F21C19B0A0025D136;
			productRefGroup = 5EC678A921C19B0A0025D136 /* Products */;
			projectDirPath = "";
			projectRoot = "";
			targets = (
				5EC678A721C19B0A0025D136 /* TestTaskForSoftwareStation */,
			);
		};
/* End PBXProject section */

/* Begin PBXResourcesBuildPhase section */
		5EC678A621C19B0A0025D136 /* Resources */ = {
			isa = PBXResourcesBuildPhase;
			buildActionMask = 2147483647;
			files = (
				5E1AD6D521C454E4005723E1 /* Recipe.storyboard in Resources */,
				5EC678B921C19B0D0025D136 /* LaunchScreen.storyboard in Resources */,
				5EC678B621C19B0D0025D136 /* Assets.xcassets in Resources */,
			);
			runOnlyForDeploymentPostprocessing = 0;
		};
/* End PBXResourcesBuildPhase section */

/* Begin PBXSourcesBuildPhase section */
		5EC678A421C19B0A0025D136 /* Sources */ = {
			isa = PBXSourcesBuildPhase;
			buildActionMask = 2147483647;
			files = (
				5EC678C421C247B30025D136 /* RecipePuppyStruct.swift in Sources */,
				5E863CA621CD5BF900ADC383 /* DataManager.swift in Sources */,
				5EC678AE21C19B0A0025D136 /* RecipeController.swift in Sources */,
				5EC678AC21C19B0A0025D136 /* AppDelegate.swift in Sources */,
				5E860FF521C9357B00B5B053 /* CollectionViewCell.swift in Sources */,
				5EC678B421C19B0A0025D136 /* CoreDataRecipes.xcdatamodeld in Sources */,
				5E863CA221CD2C6B00ADC383 /* RecipeEntity.swift in Sources */,
				5EC678C121C1A23F0025D136 /* ServerRecipe.swift in Sources */,
				5E863CA821CD9F7600ADC383 /* Globals.swift in Sources */,
				5E860FFB21CB984B00B5B053 /* CheckInternet.swift in Sources */,
				5E860FF721C95D2000B5B053 /* PopUpViewController.swift in Sources */,
			);
			runOnlyForDeploymentPostprocessing = 0;
		};
/* End PBXSourcesBuildPhase section */

/* Begin PBXVariantGroup section */
		5EC678B721C19B0D0025D136 /* LaunchScreen.storyboard */ = {
			isa = PBXVariantGroup;
			children = (
				5EC678B821C19B0D0025D136 /* Base */,
			);
			name = LaunchScreen.storyboard;
			sourceTree = "<group>";
		};
/* End PBXVariantGroup section */

/* Begin XCBuildConfiguration section */
		5EC678BB21C19B0D0025D136 /* Debug */ = {
			isa = XCBuildConfiguration;
			buildSettings = {
				ALWAYS_SEARCH_USER_PATHS = NO;
				CLANG_ANALYZER_NONNULL = YES;
				CLANG_ANALYZER_NUMBER_OBJECT_CONVERSION = YES_AGGRESSIVE;
				CLANG_CXX_LANGUAGE_STANDARD = "gnu++14";
				CLANG_CXX_LIBRARY = "libc++";
				CLANG_ENABLE_MODULES = YES;
				CLANG_ENABLE_OBJC_ARC = YES;
				CLANG_ENABLE_OBJC_WEAK = YES;
				CLANG_WARN_BLOCK_CAPTURE_AUTORELEASING = YES;
				CLANG_WARN_BOOL_CONVERSION = YES;
				CLANG_WARN_COMMA = YES;
				CLANG_WARN_CONSTANT_CONVERSION = YES;
				CLANG_WARN_DEPRECATED_OBJC_IMPLEMENTATIONS = YES;
				CLANG_WARN_DIRECT_OBJC_ISA_USAGE = YES_ERROR;
				CLANG_WARN_DOCUMENTATION_COMMENTS = YES;
				CLANG_WARN_EMPTY_BODY = YES;
				CLANG_WARN_ENUM_CONVERSION = YES;
				CLANG_WARN_INFINITE_RECURSION = YES;
				CLANG_WARN_INT_CONVERSION = YES;
				CLANG_WARN_NON_LITERAL_NULL_CONVERSION = YES;
				CLANG_WARN_OBJC_IMPLICIT_RETAIN_SELF = YES;
				CLANG_WARN_OBJC_LITERAL_CONVERSION = YES;
				CLANG_WARN_OBJC_ROOT_CLASS = YES_ERROR;
				CLANG_WARN_RANGE_LOOP_ANALYSIS = YES;
				CLANG_WARN_STRICT_PROTOTYPES = YES;
				CLANG_WARN_SUSPICIOUS_MOVE = YES;
				CLANG_WARN_UNGUARDED_AVAILABILITY = YES_AGGRESSIVE;
				CLANG_WARN_UNREACHABLE_CODE = YES;
				CLANG_WARN__DUPLICATE_METHOD_MATCH = YES;
				CODE_SIGN_IDENTITY = "iPhone Developer";
				COPY_PHASE_STRIP = NO;
				DEBUG_INFORMATION_FORMAT = dwarf;
				ENABLE_STRICT_OBJC_MSGSEND = YES;
				ENABLE_TESTABILITY = YES;
				GCC_C_LANGUAGE_STANDARD = gnu11;
				GCC_DYNAMIC_NO_PIC = NO;
				GCC_NO_COMMON_BLOCKS = YES;
				GCC_OPTIMIZATION_LEVEL = 0;
				GCC_PREPROCESSOR_DEFINITIONS = (
					"DEBUG=1",
					"$(inherited)",
				);
				GCC_WARN_64_TO_32_BIT_CONVERSION = YES;
				GCC_WARN_ABOUT_RETURN_TYPE = YES_ERROR;
				GCC_WARN_UNDECLARED_SELECTOR = YES;
				GCC_WARN_UNINITIALIZED_AUTOS = YES_AGGRESSIVE;
				GCC_WARN_UNUSED_FUNCTION = YES;
				GCC_WARN_UNUSED_VARIABLE = YES;
				IPHONEOS_DEPLOYMENT_TARGET = 12.1;
				MTL_ENABLE_DEBUG_INFO = INCLUDE_SOURCE;
				MTL_FAST_MATH = YES;
				ONLY_ACTIVE_ARCH = YES;
				SDKROOT = iphoneos;
				SWIFT_ACTIVE_COMPILATION_CONDITIONS = DEBUG;
				SWIFT_OPTIMIZATION_LEVEL = "-Onone";
			};
			name = Debug;
		};
		5EC678BC21C19B0D0025D136 /* Release */ = {
			isa = XCBuildConfiguration;
			buildSettings = {
				ALWAYS_SEARCH_USER_PATHS = NO;
				CLANG_ANALYZER_NONNULL = YES;
				CLANG_ANALYZER_NUMBER_OBJECT_CONVERSION = YES_AGGRESSIVE;
				CLANG_CXX_LANGUAGE_STANDARD = "gnu++14";
				CLANG_CXX_LIBRARY = "libc++";
				CLANG_ENABLE_MODULES = YES;
				CLANG_ENABLE_OBJC_ARC = YES;
				CLANG_ENABLE_OBJC_WEAK = YES;
				CLANG_WARN_BLOCK_CAPTURE_AUTORELEASING = YES;
				CLANG_WARN_BOOL_CONVERSION = YES;
				CLANG_WARN_COMMA = YES;
				CLANG_WARN_CONSTANT_CONVERSION = YES;
				CLANG_WARN_DEPRECATED_OBJC_IMPLEMENTATIONS = YES;
				CLANG_WARN_DIRECT_OBJC_ISA_USAGE = YES_ERROR;
				CLANG_WARN_DOCUMENTATION_COMMENTS = YES;
				CLANG_WARN_EMPTY_BODY = YES;
				CLANG_WARN_ENUM_CONVERSION = YES;
				CLANG_WARN_INFINITE_RECURSION = YES;
				CLANG_WARN_INT_CONVERSION = YES;
				CLANG_WARN_NON_LITERAL_NULL_CONVERSION = YES;
				CLANG_WARN_OBJC_IMPLICIT_RETAIN_SELF = YES;
				CLANG_WARN_OBJC_LITERAL_CONVERSION = YES;
				CLANG_WARN_OBJC_ROOT_CLASS = YES_ERROR;
				CLANG_WARN_RANGE_LOOP_ANALYSIS = YES;
				CLANG_WARN_STRICT_PROTOTYPES = YES;
				CLANG_WARN_SUSPICIOUS_MOVE = YES;
				CLANG_WARN_UNGUARDED_AVAILABILITY = YES_AGGRESSIVE;
				CLANG_WARN_UNREACHABLE_CODE = YES;
				CLANG_WARN__DUPLICATE_METHOD_MATCH = YES;
				CODE_SIGN_IDENTITY = "iPhone Developer";
				COPY_PHASE_STRIP = NO;
				DEBUG_INFORMATION_FORMAT = "dwarf-with-dsym";
				ENABLE_NS_ASSERTIONS = NO;
				ENABLE_STRICT_OBJC_MSGSEND = YES;
				GCC_C_LANGUAGE_STANDARD = gnu11;
				GCC_NO_COMMON_BLOCKS = YES;
				GCC_WARN_64_TO_32_BIT_CONVERSION = YES;
				GCC_WARN_ABOUT_RETURN_TYPE = YES_ERROR;
				GCC_WARN_UNDECLARED_SELECTOR = YES;
				GCC_WARN_UNINITIALIZED_AUTOS = YES_AGGRESSIVE;
				GCC_WARN_UNUSED_FUNCTION = YES;
				GCC_WARN_UNUSED_VARIABLE = YES;
				IPHONEOS_DEPLOYMENT_TARGET = 12.1;
				MTL_ENABLE_DEBUG_INFO = NO;
				MTL_FAST_MATH = YES;
				SDKROOT = iphoneos;
				SWIFT_COMPILATION_MODE = wholemodule;
				SWIFT_OPTIMIZATION_LEVEL = "-O";
				VALIDATE_PRODUCT = YES;
			};
			name = Release;
		};
		5EC678BE21C19B0D0025D136 /* Debug */ = {
			isa = XCBuildConfiguration;
			buildSettings = {
				ASSETCATALOG_COMPILER_APPICON_NAME = AppIcon;
				CODE_SIGN_STYLE = Automatic;
				DEVELOPMENT_TEAM = V9ZHG88563;
				INFOPLIST_FILE = "$(SRCROOT)/TestTaskForSoftwareStation/Resources/Info.plist";
				LD_RUNPATH_SEARCH_PATHS = (
					"$(inherited)",
					"@executable_path/Frameworks",
				);
				PRODUCT_BUNDLE_IDENTIFIER = batozhnyi.TestTaskForSoftwareStation;
				PRODUCT_NAME = "$(TARGET_NAME)";
				SWIFT_VERSION = 4.2;
				TARGETED_DEVICE_FAMILY = "1,2";
			};
			name = Debug;
		};
		5EC678BF21C19B0D0025D136 /* Release */ = {
			isa = XCBuildConfiguration;
			buildSettings = {
				ASSETCATALOG_COMPILER_APPICON_NAME = AppIcon;
				CODE_SIGN_STYLE = Automatic;
				DEVELOPMENT_TEAM = V9ZHG88563;
				INFOPLIST_FILE = "$(SRCROOT)/TestTaskForSoftwareStation/Resources/Info.plist";
				LD_RUNPATH_SEARCH_PATHS = (
					"$(inherited)",
					"@executable_path/Frameworks",
				);
				PRODUCT_BUNDLE_IDENTIFIER = batozhnyi.TestTaskForSoftwareStation;
				PRODUCT_NAME = "$(TARGET_NAME)";
				SWIFT_VERSION = 4.2;
				TARGETED_DEVICE_FAMILY = "1,2";
			};
			name = Release;
		};
/* End XCBuildConfiguration section */

/* Begin XCConfigurationList section */
		5EC678A321C19B0A0025D136 /* Build configuration list for PBXProject "TestTaskForSoftwareStation" */ = {
			isa = XCConfigurationList;
			buildConfigurations = (
				5EC678BB21C19B0D0025D136 /* Debug */,
				5EC678BC21C19B0D0025D136 /* Release */,
			);
			defaultConfigurationIsVisible = 0;
			defaultConfigurationName = Release;
		};
		5EC678BD21C19B0D0025D136 /* Build configuration list for PBXNativeTarget "TestTaskForSoftwareStation" */ = {
			isa = XCConfigurationList;
			buildConfigurations = (
				5EC678BE21C19B0D0025D136 /* Debug */,
				5EC678BF21C19B0D0025D136 /* Release */,
			);
			defaultConfigurationIsVisible = 0;
			defaultConfigurationName = Release;
		};
/* End XCConfigurationList section */

/* Begin XCVersionGroup section */
		5EC678B221C19B0A0025D136 /* CoreDataRecipes.xcdatamodeld */ = {
			isa = XCVersionGroup;
			children = (
				5EC678B321C19B0A0025D136 /* TestTaskForSoftwareStation.xcdatamodel */,
			);
			currentVersion = 5EC678B321C19B0A0025D136 /* TestTaskForSoftwareStation.xcdatamodel */;
			path = CoreDataRecipes.xcdatamodeld;
			sourceTree = "<group>";
			versionGroupType = wrapper.xcdatamodel;
		};
/* End XCVersionGroup section */
	};
	rootObject = 5EC678A021C19B0A0025D136 /* Project object */;
}
